{
  "name": "myproject",
  "version": "1.0.0",
  "lockfileVersion": 1,
  "requires": true,
  "dependencies": {
    "@types/angular": {
      "version": "1.6.53",
      "resolved": "https://registry.npmjs.org/@types/angular/-/angular-1.6.53.tgz",
      "integrity": "sha512-46op53S8hnDl9o6VOmMAXBv3laK8i2OyXOfriDwe6VRfh8wVFilIniLaNsz2pPpAM4oUwsBYFt7ZThe+IMnIeA=="
    },
    "@types/angular-ui-bootstrap": {
      "version": "0.13.47",
      "resolved": "https://registry.npmjs.org/@types/angular-ui-bootstrap/-/angular-ui-bootstrap-0.13.47.tgz",
      "integrity": "sha512-8HMw2MR9lPZt8+A4Kf6BFT2JK+0/ERcpM88k/kewPBOXdXVzkQmcJ08tNPhFIPLF89diKfA6X3HZKTBJr6PMoQ==",
      "requires": {
        "@types/angular": "*"
      }
    },
    "@types/jquery": {
      "version": "3.3.29",
      "resolved": "https://registry.npmjs.org/@types/jquery/-/jquery-3.3.29.tgz",
      "integrity": "sha512-FhJvBninYD36v3k6c+bVk1DSZwh7B5Dpb/Pyk3HKVsiohn0nhbefZZ+3JXbWQhFyt0MxSl2jRDdGQPHeOHFXrQ==",
      "requires": {
        "@types/sizzle": "*"
      }
    },
    "@types/sizzle": {
      "version": "2.3.2",
      "resolved": "https://registry.npmjs.org/@types/sizzle/-/sizzle-2.3.2.tgz",
      "integrity": "sha512-7EJYyKTL7tFR8+gDbB6Wwz/arpGa0Mywk1TJbNzKzHtzbwVmY4HR9WqS5VV7dsBUKQmPNr192jHr/VpBluj/hg=="
    }
  }
}
