
Microsoft Visual Studio Solution File, Format Version 12.00
# Visual Studio 15
VisualStudioVersion = 15.0.28307.168
MinimumVisualStudioVersion = 10.0.40219.1
Project("{9A19103F-16F7-4668-BE54-9A1E7A4F7556}") = "ST.WinIot.App.Web.API", "Api\ST.WinIot.App.Web.API.csproj", "{861B6D1B-9B30-4688-8007-1EB9435C9703}"
EndProject
Project("{9A19103F-16F7-4668-BE54-9A1E7A4F7556}") = "ST.WinIot.App.Web.OAuth", "OAuth\ST.WinIot.App.Web.OAuth.csproj", "{38FC02E7-E926-461A-B6DD-B5C466A5D7F6}"
EndProject
Project("{9A19103F-16F7-4668-BE54-9A1E7A4F7556}") = "ST.WinIot.App.Web.UI", "UI\ST.WinIot.App.Web.UI.csproj", "{ECC1800C-EB91-46E8-A6CA-120879F82EA7}"
EndProject
Global
	GlobalSection(SolutionConfigurationPlatforms) = preSolution
		Debug|Any CPU = Debug|Any CPU
		Release|Any CPU = Release|Any CPU
	EndGlobalSection
	GlobalSection(ProjectConfigurationPlatforms) = postSolution
		{861B6D1B-9B30-4688-8007-1EB9435C9703}.Debug|Any CPU.ActiveCfg = Debug|Any CPU
		{861B6D1B-9B30-4688-8007-1EB9435C9703}.Debug|Any CPU.Build.0 = Debug|Any CPU
		{861B6D1B-9B30-4688-8007-1EB9435C9703}.Release|Any CPU.ActiveCfg = Release|Any CPU
		{861B6D1B-9B30-4688-8007-1EB9435C9703}.Release|Any CPU.Build.0 = Release|Any CPU
		{38FC02E7-E926-461A-B6DD-B5C466A5D7F6}.Debug|Any CPU.ActiveCfg = Debug|Any CPU
		{38FC02E7-E926-461A-B6DD-B5C466A5D7F6}.Debug|Any CPU.Build.0 = Debug|Any CPU
		{38FC02E7-E926-461A-B6DD-B5C466A5D7F6}.Release|Any CPU.ActiveCfg = Release|Any CPU
		{38FC02E7-E926-461A-B6DD-B5C466A5D7F6}.Release|Any CPU.Build.0 = Release|Any CPU
		{ECC1800C-EB91-46E8-A6CA-120879F82EA7}.Debug|Any CPU.ActiveCfg = Debug|Any CPU
		{ECC1800C-EB91-46E8-A6CA-120879F82EA7}.Debug|Any CPU.Build.0 = Debug|Any CPU
		{ECC1800C-EB91-46E8-A6CA-120879F82EA7}.Release|Any CPU.ActiveCfg = Release|Any CPU
		{ECC1800C-EB91-46E8-A6CA-120879F82EA7}.Release|Any CPU.Build.0 = Release|Any CPU
	EndGlobalSection
	GlobalSection(SolutionProperties) = preSolution
		HideSolutionNode = FALSE
	EndGlobalSection
	GlobalSection(ExtensibilityGlobals) = postSolution
		SolutionGuid = {3014F724-CF37-4C2D-920D-965708B5C357}
	EndGlobalSection
EndGlobal
