
Microsoft Visual Studio Solution File, Format Version 12.00
# Visual Studio 15
VisualStudioVersion = 15.0.28307.136
MinimumVisualStudioVersion = 10.0.40219.1
Project("{FAE04EC0-301F-11D3-BF4B-00C04F79EFBC}") = "ST.WinIot.App", "ST.WinIot.App\ST.WinIot.App.csproj", "{11C4B8B0-D3E4-46B9-B5FD-B20FA42F7C88}"
EndProject
Project("{8BC9CEB8-8B4A-11D0-8D11-00A0C91BC942}") = "PieArduino", "PieArduino\PieArduino.vcxproj", "{C5F80730-F44F-4478-BDAE-6634EFC2CA88}"
EndProject
Project("{9A19103F-16F7-4668-BE54-9A1E7A4F7556}") = "ST.WinIot.WebHook", "ST.WinIot.WebHook\ST.WinIot.WebHook.csproj", "{5C86A93A-E5E0-433C-B8CC-66CECF341580}"
EndProject
Global
	GlobalSection(SolutionConfigurationPlatforms) = preSolution
		Debug|Any CPU = Debug|Any CPU
		Debug|ARM = Debug|ARM
		Debug|ARM64 = Debug|ARM64
		Debug|x64 = Debug|x64
		Debug|x86 = Debug|x86
		Release|Any CPU = Release|Any CPU
		Release|ARM = Release|ARM
		Release|ARM64 = Release|ARM64
		Release|x64 = Release|x64
		Release|x86 = Release|x86
	EndGlobalSection
	GlobalSection(ProjectConfigurationPlatforms) = postSolution
		{11C4B8B0-D3E4-46B9-B5FD-B20FA42F7C88}.Debug|Any CPU.ActiveCfg = Debug|x86
		{11C4B8B0-D3E4-46B9-B5FD-B20FA42F7C88}.Debug|ARM.ActiveCfg = Debug|ARM
		{11C4B8B0-D3E4-46B9-B5FD-B20FA42F7C88}.Debug|ARM.Build.0 = Debug|ARM
		{11C4B8B0-D3E4-46B9-B5FD-B20FA42F7C88}.Debug|ARM.Deploy.0 = Debug|ARM
		{11C4B8B0-D3E4-46B9-B5FD-B20FA42F7C88}.Debug|ARM64.ActiveCfg = Debug|ARM64
		{11C4B8B0-D3E4-46B9-B5FD-B20FA42F7C88}.Debug|ARM64.Build.0 = Debug|ARM64
		{11C4B8B0-D3E4-46B9-B5FD-B20FA42F7C88}.Debug|ARM64.Deploy.0 = Debug|ARM64
		{11C4B8B0-D3E4-46B9-B5FD-B20FA42F7C88}.Debug|x64.ActiveCfg = Debug|x64
		{11C4B8B0-D3E4-46B9-B5FD-B20FA42F7C88}.Debug|x64.Build.0 = Debug|x64
		{11C4B8B0-D3E4-46B9-B5FD-B20FA42F7C88}.Debug|x64.Deploy.0 = Debug|x64
		{11C4B8B0-D3E4-46B9-B5FD-B20FA42F7C88}.Debug|x86.ActiveCfg = Debug|x86
		{11C4B8B0-D3E4-46B9-B5FD-B20FA42F7C88}.Debug|x86.Build.0 = Debug|x86
		{11C4B8B0-D3E4-46B9-B5FD-B20FA42F7C88}.Debug|x86.Deploy.0 = Debug|x86
		{11C4B8B0-D3E4-46B9-B5FD-B20FA42F7C88}.Release|Any CPU.ActiveCfg = Release|x86
		{11C4B8B0-D3E4-46B9-B5FD-B20FA42F7C88}.Release|ARM.ActiveCfg = Release|ARM
		{11C4B8B0-D3E4-46B9-B5FD-B20FA42F7C88}.Release|ARM.Build.0 = Release|ARM
		{11C4B8B0-D3E4-46B9-B5FD-B20FA42F7C88}.Release|ARM.Deploy.0 = Release|ARM
		{11C4B8B0-D3E4-46B9-B5FD-B20FA42F7C88}.Release|ARM64.ActiveCfg = Release|ARM64
		{11C4B8B0-D3E4-46B9-B5FD-B20FA42F7C88}.Release|ARM64.Build.0 = Release|ARM64
		{11C4B8B0-D3E4-46B9-B5FD-B20FA42F7C88}.Release|ARM64.Deploy.0 = Release|ARM64
		{11C4B8B0-D3E4-46B9-B5FD-B20FA42F7C88}.Release|x64.ActiveCfg = Release|x64
		{11C4B8B0-D3E4-46B9-B5FD-B20FA42F7C88}.Release|x64.Build.0 = Release|x64
		{11C4B8B0-D3E4-46B9-B5FD-B20FA42F7C88}.Release|x64.Deploy.0 = Release|x64
		{11C4B8B0-D3E4-46B9-B5FD-B20FA42F7C88}.Release|x86.ActiveCfg = Release|x86
		{11C4B8B0-D3E4-46B9-B5FD-B20FA42F7C88}.Release|x86.Build.0 = Release|x86
		{11C4B8B0-D3E4-46B9-B5FD-B20FA42F7C88}.Release|x86.Deploy.0 = Release|x86
		{C5F80730-F44F-4478-BDAE-6634EFC2CA88}.Debug|Any CPU.ActiveCfg = Debug|Win32
		{C5F80730-F44F-4478-BDAE-6634EFC2CA88}.Debug|ARM.ActiveCfg = Debug|Win32
		{C5F80730-F44F-4478-BDAE-6634EFC2CA88}.Debug|ARM64.ActiveCfg = Debug|Win32
		{C5F80730-F44F-4478-BDAE-6634EFC2CA88}.Debug|x64.ActiveCfg = Debug|Win32
		{C5F80730-F44F-4478-BDAE-6634EFC2CA88}.Debug|x86.ActiveCfg = Debug|Win32
		{C5F80730-F44F-4478-BDAE-6634EFC2CA88}.Debug|x86.Build.0 = Debug|Win32
		{C5F80730-F44F-4478-BDAE-6634EFC2CA88}.Release|Any CPU.ActiveCfg = Release|Win32
		{C5F80730-F44F-4478-BDAE-6634EFC2CA88}.Release|ARM.ActiveCfg = Release|Win32
		{C5F80730-F44F-4478-BDAE-6634EFC2CA88}.Release|ARM64.ActiveCfg = Release|Win32
		{C5F80730-F44F-4478-BDAE-6634EFC2CA88}.Release|x64.ActiveCfg = Release|Win32
		{C5F80730-F44F-4478-BDAE-6634EFC2CA88}.Release|x86.ActiveCfg = Release|Win32
		{C5F80730-F44F-4478-BDAE-6634EFC2CA88}.Release|x86.Build.0 = Release|Win32
		{5C86A93A-E5E0-433C-B8CC-66CECF341580}.Debug|Any CPU.ActiveCfg = Debug|Any CPU
		{5C86A93A-E5E0-433C-B8CC-66CECF341580}.Debug|Any CPU.Build.0 = Debug|Any CPU
		{5C86A93A-E5E0-433C-B8CC-66CECF341580}.Debug|ARM.ActiveCfg = Debug|Any CPU
		{5C86A93A-E5E0-433C-B8CC-66CECF341580}.Debug|ARM.Build.0 = Debug|Any CPU
		{5C86A93A-E5E0-433C-B8CC-66CECF341580}.Debug|ARM64.ActiveCfg = Debug|Any CPU
		{5C86A93A-E5E0-433C-B8CC-66CECF341580}.Debug|ARM64.Build.0 = Debug|Any CPU
		{5C86A93A-E5E0-433C-B8CC-66CECF341580}.Debug|x64.ActiveCfg = Debug|Any CPU
		{5C86A93A-E5E0-433C-B8CC-66CECF341580}.Debug|x64.Build.0 = Debug|Any CPU
		{5C86A93A-E5E0-433C-B8CC-66CECF341580}.Debug|x86.ActiveCfg = Debug|Any CPU
		{5C86A93A-E5E0-433C-B8CC-66CECF341580}.Debug|x86.Build.0 = Debug|Any CPU
		{5C86A93A-E5E0-433C-B8CC-66CECF341580}.Release|Any CPU.ActiveCfg = Release|Any CPU
		{5C86A93A-E5E0-433C-B8CC-66CECF341580}.Release|Any CPU.Build.0 = Release|Any CPU
		{5C86A93A-E5E0-433C-B8CC-66CECF341580}.Release|ARM.ActiveCfg = Release|Any CPU
		{5C86A93A-E5E0-433C-B8CC-66CECF341580}.Release|ARM.Build.0 = Release|Any CPU
		{5C86A93A-E5E0-433C-B8CC-66CECF341580}.Release|ARM64.ActiveCfg = Release|Any CPU
		{5C86A93A-E5E0-433C-B8CC-66CECF341580}.Release|ARM64.Build.0 = Release|Any CPU
		{5C86A93A-E5E0-433C-B8CC-66CECF341580}.Release|x64.ActiveCfg = Release|Any CPU
		{5C86A93A-E5E0-433C-B8CC-66CECF341580}.Release|x64.Build.0 = Release|Any CPU
		{5C86A93A-E5E0-433C-B8CC-66CECF341580}.Release|x86.ActiveCfg = Release|Any CPU
		{5C86A93A-E5E0-433C-B8CC-66CECF341580}.Release|x86.Build.0 = Release|Any CPU
	EndGlobalSection
	GlobalSection(SolutionProperties) = preSolution
		HideSolutionNode = FALSE
	EndGlobalSection
	GlobalSection(ExtensibilityGlobals) = postSolution
		SolutionGuid = {E108066B-D91F-47E7-AD3A-CD70107C8DF1}
	EndGlobalSection
EndGlobal
